
Microsoft Visual Studio Solution File, Format Version 12.00
# Visual Studio Version 16
VisualStudioVersion = 16.0.30611.23
MinimumVisualStudioVersion = 10.0.40219.1
Project("{8BC9CEB8-8B4A-11D0-8D11-00A0C91BC942}") = "双链表", "双链表.vcxproj", "{02126800-4C05-480E-A057-F699894BB005}"
EndProject
Global
	GlobalSection(SolutionConfigurationPlatforms) = preSolution
		Debug|x64 = Debug|x64
		Debug|x86 = Debug|x86
		Release|x64 = Release|x64
		Release|x86 = Release|x86
	EndGlobalSection
	GlobalSection(ProjectConfigurationPlatforms) = postSolution
		{02126800-4C05-480E-A057-F699894BB005}.Debug|x64.ActiveCfg = Debug|x64
		{02126800-4C05-480E-A057-F699894BB005}.Debug|x64.Build.0 = Debug|x64
		{02126800-4C05-480E-A057-F699894BB005}.Debug|x86.ActiveCfg = Debug|Win32
		{02126800-4C05-480E-A057-F699894BB005}.Debug|x86.Build.0 = Debug|Win32
		{02126800-4C05-480E-A057-F699894BB005}.Release|x64.ActiveCfg = Release|x64
		{02126800-4C05-480E-A057-F699894BB005}.Release|x64.Build.0 = Release|x64
		{02126800-4C05-480E-A057-F699894BB005}.Release|x86.ActiveCfg = Release|Win32
		{02126800-4C05-480E-A057-F699894BB005}.Release|x86.Build.0 = Release|Win32
	EndGlobalSection
	GlobalSection(SolutionProperties) = preSolution
		HideSolutionNode = FALSE
	EndGlobalSection
	GlobalSection(ExtensibilityGlobals) = postSolution
		SolutionGuid = {3AD2F152-55E2-4C71-959A-492BDAE76F19}
	EndGlobalSection
EndGlobal
